
Microsoft Visual Studio Solution File, Format Version 12.00
# Visual Studio Version 17
VisualStudioVersion = 17.14.36301.6 d17.14
MinimumVisualStudioVersion = 10.0.40219.1
Project("{FAE04EC0-301F-11D3-BF4B-00C04F79EFBC}") = "QueueLine_Project", "QueueLine_Project.csproj", "{88A95CB5-C916-4574-981A-F7060A2C11F4}"
EndProject
Global
	GlobalSection(SolutionConfigurationPlatforms) = preSolution
		Debug|Any CPU = Debug|Any CPU
		Release|Any CPU = Release|Any CPU
	EndGlobalSection
	GlobalSection(ProjectConfigurationPlatforms) = postSolution
		{88A95CB5-C916-4574-981A-F7060A2C11F4}.Debug|Any CPU.ActiveCfg = Debug|Any CPU
		{88A95CB5-C916-4574-981A-F7060A2C11F4}.Debug|Any CPU.Build.0 = Debug|Any CPU
		{88A95CB5-C916-4574-981A-F7060A2C11F4}.Release|Any CPU.ActiveCfg = Release|Any CPU
		{88A95CB5-C916-4574-981A-F7060A2C11F4}.Release|Any CPU.Build.0 = Release|Any CPU
	EndGlobalSection
	GlobalSection(SolutionProperties) = preSolution
		HideSolutionNode = FALSE
	EndGlobalSection
	GlobalSection(ExtensibilityGlobals) = postSolution
		SolutionGuid = {89127ACA-B372-4974-AB6B-FFEEC7C8F458}
	EndGlobalSection
EndGlobal
